
Microsoft Visual Studio Solution File, Format Version 12.00
# Visual Studio 15
VisualStudioVersion = 15.0.27703.2026
MinimumVisualStudioVersion = 10.0.40219.1
Project("{8BC9CEB8-8B4A-11D0-8D11-00A0C91BC942}") = "Hello World", "Hello World\Hello World.vcxproj", "{75DDC722-3FCB-49D0-8DC8-39EB4B7260FB}"
EndProject
Project("{8BC9CEB8-8B4A-11D0-8D11-00A0C91BC942}") = "test", "test\test.vcxproj", "{6B259A91-ACEC-423E-9E57-E1D6B6D0DAB0}"
EndProject
Project("{8BC9CEB8-8B4A-11D0-8D11-00A0C91BC942}") = "Глава 1. Проверка на повторяющее слово", "Глава 1. Проверка на повторяющее слово\Глава 1. Проверка на повторяющее слово.vcxproj", "{C22519C9-C8F5-4F4A-92E5-5FFE2BD5CC83}"
EndProject
Project("{8BC9CEB8-8B4A-11D0-8D11-00A0C91BC942}") = "инкремент декремент", "инкремент декремент\инкремент декремент.vcxproj", "{2A8C04FC-48CD-41C3-BEEB-96B7559C7106}"
EndProject
Global
	GlobalSection(SolutionConfigurationPlatforms) = preSolution
		Debug|x64 = Debug|x64
		Debug|x86 = Debug|x86
		Release|x64 = Release|x64
		Release|x86 = Release|x86
	EndGlobalSection
	GlobalSection(ProjectConfigurationPlatforms) = postSolution
		{75DDC722-3FCB-49D0-8DC8-39EB4B7260FB}.Debug|x64.ActiveCfg = Debug|x64
		{75DDC722-3FCB-49D0-8DC8-39EB4B7260FB}.Debug|x64.Build.0 = Debug|x64
		{75DDC722-3FCB-49D0-8DC8-39EB4B7260FB}.Debug|x86.ActiveCfg = Debug|Win32
		{75DDC722-3FCB-49D0-8DC8-39EB4B7260FB}.Debug|x86.Build.0 = Debug|Win32
		{75DDC722-3FCB-49D0-8DC8-39EB4B7260FB}.Release|x64.ActiveCfg = Release|x64
		{75DDC722-3FCB-49D0-8DC8-39EB4B7260FB}.Release|x64.Build.0 = Release|x64
		{75DDC722-3FCB-49D0-8DC8-39EB4B7260FB}.Release|x86.ActiveCfg = Release|Win32
		{75DDC722-3FCB-49D0-8DC8-39EB4B7260FB}.Release|x86.Build.0 = Release|Win32
		{6B259A91-ACEC-423E-9E57-E1D6B6D0DAB0}.Debug|x64.ActiveCfg = Debug|x64
		{6B259A91-ACEC-423E-9E57-E1D6B6D0DAB0}.Debug|x64.Build.0 = Debug|x64
		{6B259A91-ACEC-423E-9E57-E1D6B6D0DAB0}.Debug|x86.ActiveCfg = Debug|Win32
		{6B259A91-ACEC-423E-9E57-E1D6B6D0DAB0}.Debug|x86.Build.0 = Debug|Win32
		{6B259A91-ACEC-423E-9E57-E1D6B6D0DAB0}.Release|x64.ActiveCfg = Release|x64
		{6B259A91-ACEC-423E-9E57-E1D6B6D0DAB0}.Release|x64.Build.0 = Release|x64
		{6B259A91-ACEC-423E-9E57-E1D6B6D0DAB0}.Release|x86.ActiveCfg = Release|Win32
		{6B259A91-ACEC-423E-9E57-E1D6B6D0DAB0}.Release|x86.Build.0 = Release|Win32
		{C22519C9-C8F5-4F4A-92E5-5FFE2BD5CC83}.Debug|x64.ActiveCfg = Debug|x64
		{C22519C9-C8F5-4F4A-92E5-5FFE2BD5CC83}.Debug|x64.Build.0 = Debug|x64
		{C22519C9-C8F5-4F4A-92E5-5FFE2BD5CC83}.Debug|x86.ActiveCfg = Debug|Win32
		{C22519C9-C8F5-4F4A-92E5-5FFE2BD5CC83}.Debug|x86.Build.0 = Debug|Win32
		{C22519C9-C8F5-4F4A-92E5-5FFE2BD5CC83}.Release|x64.ActiveCfg = Release|x64
		{C22519C9-C8F5-4F4A-92E5-5FFE2BD5CC83}.Release|x64.Build.0 = Release|x64
		{C22519C9-C8F5-4F4A-92E5-5FFE2BD5CC83}.Release|x86.ActiveCfg = Release|Win32
		{C22519C9-C8F5-4F4A-92E5-5FFE2BD5CC83}.Release|x86.Build.0 = Release|Win32
		{2A8C04FC-48CD-41C3-BEEB-96B7559C7106}.Debug|x64.ActiveCfg = Debug|x64
		{2A8C04FC-48CD-41C3-BEEB-96B7559C7106}.Debug|x64.Build.0 = Debug|x64
		{2A8C04FC-48CD-41C3-BEEB-96B7559C7106}.Debug|x86.ActiveCfg = Debug|Win32
		{2A8C04FC-48CD-41C3-BEEB-96B7559C7106}.Debug|x86.Build.0 = Debug|Win32
		{2A8C04FC-48CD-41C3-BEEB-96B7559C7106}.Release|x64.ActiveCfg = Release|x64
		{2A8C04FC-48CD-41C3-BEEB-96B7559C7106}.Release|x64.Build.0 = Release|x64
		{2A8C04FC-48CD-41C3-BEEB-96B7559C7106}.Release|x86.ActiveCfg = Release|Win32
		{2A8C04FC-48CD-41C3-BEEB-96B7559C7106}.Release|x86.Build.0 = Release|Win32
	EndGlobalSection
	GlobalSection(SolutionProperties) = preSolution
		HideSolutionNode = FALSE
	EndGlobalSection
	GlobalSection(ExtensibilityGlobals) = postSolution
		SolutionGuid = {748C7FA7-5652-459A-A1E7-8369A22A11CF}
	EndGlobalSection
EndGlobal
