
Microsoft Visual Studio Solution File, Format Version 12.00
# Visual Studio 15
VisualStudioVersion = 15.0.27703.2026
MinimumVisualStudioVersion = 10.0.40219.1
Project("{8BC9CEB8-8B4A-11D0-8D11-00A0C91BC942}") = "Hello World", "Hello World\Hello World.vcxproj", "{75DDC722-3FCB-49D0-8DC8-39EB4B7260FB}"
EndProject
Project("{8BC9CEB8-8B4A-11D0-8D11-00A0C91BC942}") = "test", "test\test.vcxproj", "{6B259A91-ACEC-423E-9E57-E1D6B6D0DAB0}"
EndProject
Project("{8BC9CEB8-8B4A-11D0-8D11-00A0C91BC942}") = "Глава 1. Проверка на повторяющее слово", "Глава 1. Проверка на повторяющее слово\Глава 1. Проверка на повторяющее слово.vcxproj", "{C22519C9-C8F5-4F4A-92E5-5FFE2BD5CC83}"
EndProject
Project("{8BC9CEB8-8B4A-11D0-8D11-00A0C91BC942}") = "инкремент декремент", "инкремент декремент\инкремент декремент.vcxproj", "{2A8C04FC-48CD-41C3-BEEB-96B7559C7106}"
EndProject
Project("{8BC9CEB8-8B4A-11D0-8D11-00A0C91BC942}") = "Опасные преобразования", "Опасные преобразования\Опасные преобразования.vcxproj", "{CF12EF2F-D593-4D54-91E4-AF420B82394D}"
EndProject
Project("{8BC9CEB8-8B4A-11D0-8D11-00A0C91BC942}") = "Константы", "Константы\Константы.vcxproj", "{2D6B20DC-6AE9-42A9-A771-E3F024EE8DF3}"
EndProject
Project("{8BC9CEB8-8B4A-11D0-8D11-00A0C91BC942}") = "пример использование констант", "пример использование констант\пример использование констант.vcxproj", "{B08F3758-0A6D-4178-B457-999B0BDF5777}"
EndProject
Project("{8BC9CEB8-8B4A-11D0-8D11-00A0C91BC942}") = "Перевод из цельсий в фаренгейты", "Перевод из цельсий в фаренгейты\Перевод из цельсий в фаренгейты.vcxproj", "{78C72F6F-F9FC-4A7C-8E3D-BBF09EA19F40}"
EndProject
Project("{8BC9CEB8-8B4A-11D0-8D11-00A0C91BC942}") = "Цикл по всем элементам вектора", "Цикл по всем элементам вектора\Цикл по всем элементам вектора.vcxproj", "{5C2D3246-8916-43B3-9C8D-C03FAF773909}"
EndProject
Project("{8BC9CEB8-8B4A-11D0-8D11-00A0C91BC942}") = "Вектор функция для добавление элемента в вектор", "Вектор функция для добавление элемента в вектор\Вектор функция для добавление элемента в вектор.vcxproj", "{A41BF130-7FBF-4FF5-92BE-C24D33AC0B08}"
EndProject
Project("{8BC9CEB8-8B4A-11D0-8D11-00A0C91BC942}") = "Считывание в вектор", "Считывание в вектор\Считывание в вектор.vcxproj", "{2020E5E1-F381-469F-9E3A-19B4449DD9BB}"
EndProject
Global
	GlobalSection(SolutionConfigurationPlatforms) = preSolution
		Debug|x64 = Debug|x64
		Debug|x86 = Debug|x86
		Release|x64 = Release|x64
		Release|x86 = Release|x86
	EndGlobalSection
	GlobalSection(ProjectConfigurationPlatforms) = postSolution
		{75DDC722-3FCB-49D0-8DC8-39EB4B7260FB}.Debug|x64.ActiveCfg = Debug|x64
		{75DDC722-3FCB-49D0-8DC8-39EB4B7260FB}.Debug|x64.Build.0 = Debug|x64
		{75DDC722-3FCB-49D0-8DC8-39EB4B7260FB}.Debug|x86.ActiveCfg = Debug|Win32
		{75DDC722-3FCB-49D0-8DC8-39EB4B7260FB}.Debug|x86.Build.0 = Debug|Win32
		{75DDC722-3FCB-49D0-8DC8-39EB4B7260FB}.Release|x64.ActiveCfg = Release|x64
		{75DDC722-3FCB-49D0-8DC8-39EB4B7260FB}.Release|x64.Build.0 = Release|x64
		{75DDC722-3FCB-49D0-8DC8-39EB4B7260FB}.Release|x86.ActiveCfg = Release|Win32
		{75DDC722-3FCB-49D0-8DC8-39EB4B7260FB}.Release|x86.Build.0 = Release|Win32
		{6B259A91-ACEC-423E-9E57-E1D6B6D0DAB0}.Debug|x64.ActiveCfg = Debug|x64
		{6B259A91-ACEC-423E-9E57-E1D6B6D0DAB0}.Debug|x64.Build.0 = Debug|x64
		{6B259A91-ACEC-423E-9E57-E1D6B6D0DAB0}.Debug|x86.ActiveCfg = Debug|Win32
		{6B259A91-ACEC-423E-9E57-E1D6B6D0DAB0}.Debug|x86.Build.0 = Debug|Win32
		{6B259A91-ACEC-423E-9E57-E1D6B6D0DAB0}.Release|x64.ActiveCfg = Release|x64
		{6B259A91-ACEC-423E-9E57-E1D6B6D0DAB0}.Release|x64.Build.0 = Release|x64
		{6B259A91-ACEC-423E-9E57-E1D6B6D0DAB0}.Release|x86.ActiveCfg = Release|Win32
		{6B259A91-ACEC-423E-9E57-E1D6B6D0DAB0}.Release|x86.Build.0 = Release|Win32
		{C22519C9-C8F5-4F4A-92E5-5FFE2BD5CC83}.Debug|x64.ActiveCfg = Debug|x64
		{C22519C9-C8F5-4F4A-92E5-5FFE2BD5CC83}.Debug|x64.Build.0 = Debug|x64
		{C22519C9-C8F5-4F4A-92E5-5FFE2BD5CC83}.Debug|x86.ActiveCfg = Debug|Win32
		{C22519C9-C8F5-4F4A-92E5-5FFE2BD5CC83}.Debug|x86.Build.0 = Debug|Win32
		{C22519C9-C8F5-4F4A-92E5-5FFE2BD5CC83}.Release|x64.ActiveCfg = Release|x64
		{C22519C9-C8F5-4F4A-92E5-5FFE2BD5CC83}.Release|x64.Build.0 = Release|x64
		{C22519C9-C8F5-4F4A-92E5-5FFE2BD5CC83}.Release|x86.ActiveCfg = Release|Win32
		{C22519C9-C8F5-4F4A-92E5-5FFE2BD5CC83}.Release|x86.Build.0 = Release|Win32
		{2A8C04FC-48CD-41C3-BEEB-96B7559C7106}.Debug|x64.ActiveCfg = Debug|x64
		{2A8C04FC-48CD-41C3-BEEB-96B7559C7106}.Debug|x64.Build.0 = Debug|x64
		{2A8C04FC-48CD-41C3-BEEB-96B7559C7106}.Debug|x86.ActiveCfg = Debug|Win32
		{2A8C04FC-48CD-41C3-BEEB-96B7559C7106}.Debug|x86.Build.0 = Debug|Win32
		{2A8C04FC-48CD-41C3-BEEB-96B7559C7106}.Release|x64.ActiveCfg = Release|x64
		{2A8C04FC-48CD-41C3-BEEB-96B7559C7106}.Release|x64.Build.0 = Release|x64
		{2A8C04FC-48CD-41C3-BEEB-96B7559C7106}.Release|x86.ActiveCfg = Release|Win32
		{2A8C04FC-48CD-41C3-BEEB-96B7559C7106}.Release|x86.Build.0 = Release|Win32
		{CF12EF2F-D593-4D54-91E4-AF420B82394D}.Debug|x64.ActiveCfg = Debug|x64
		{CF12EF2F-D593-4D54-91E4-AF420B82394D}.Debug|x64.Build.0 = Debug|x64
		{CF12EF2F-D593-4D54-91E4-AF420B82394D}.Debug|x86.ActiveCfg = Debug|Win32
		{CF12EF2F-D593-4D54-91E4-AF420B82394D}.Debug|x86.Build.0 = Debug|Win32
		{CF12EF2F-D593-4D54-91E4-AF420B82394D}.Release|x64.ActiveCfg = Release|x64
		{CF12EF2F-D593-4D54-91E4-AF420B82394D}.Release|x64.Build.0 = Release|x64
		{CF12EF2F-D593-4D54-91E4-AF420B82394D}.Release|x86.ActiveCfg = Release|Win32
		{CF12EF2F-D593-4D54-91E4-AF420B82394D}.Release|x86.Build.0 = Release|Win32
		{2D6B20DC-6AE9-42A9-A771-E3F024EE8DF3}.Debug|x64.ActiveCfg = Debug|x64
		{2D6B20DC-6AE9-42A9-A771-E3F024EE8DF3}.Debug|x64.Build.0 = Debug|x64
		{2D6B20DC-6AE9-42A9-A771-E3F024EE8DF3}.Debug|x86.ActiveCfg = Debug|Win32
		{2D6B20DC-6AE9-42A9-A771-E3F024EE8DF3}.Debug|x86.Build.0 = Debug|Win32
		{2D6B20DC-6AE9-42A9-A771-E3F024EE8DF3}.Release|x64.ActiveCfg = Release|x64
		{2D6B20DC-6AE9-42A9-A771-E3F024EE8DF3}.Release|x64.Build.0 = Release|x64
		{2D6B20DC-6AE9-42A9-A771-E3F024EE8DF3}.Release|x86.ActiveCfg = Release|Win32
		{2D6B20DC-6AE9-42A9-A771-E3F024EE8DF3}.Release|x86.Build.0 = Release|Win32
		{B08F3758-0A6D-4178-B457-999B0BDF5777}.Debug|x64.ActiveCfg = Debug|x64
		{B08F3758-0A6D-4178-B457-999B0BDF5777}.Debug|x64.Build.0 = Debug|x64
		{B08F3758-0A6D-4178-B457-999B0BDF5777}.Debug|x86.ActiveCfg = Debug|Win32
		{B08F3758-0A6D-4178-B457-999B0BDF5777}.Debug|x86.Build.0 = Debug|Win32
		{B08F3758-0A6D-4178-B457-999B0BDF5777}.Release|x64.ActiveCfg = Release|x64
		{B08F3758-0A6D-4178-B457-999B0BDF5777}.Release|x64.Build.0 = Release|x64
		{B08F3758-0A6D-4178-B457-999B0BDF5777}.Release|x86.ActiveCfg = Release|Win32
		{B08F3758-0A6D-4178-B457-999B0BDF5777}.Release|x86.Build.0 = Release|Win32
		{78C72F6F-F9FC-4A7C-8E3D-BBF09EA19F40}.Debug|x64.ActiveCfg = Debug|x64
		{78C72F6F-F9FC-4A7C-8E3D-BBF09EA19F40}.Debug|x64.Build.0 = Debug|x64
		{78C72F6F-F9FC-4A7C-8E3D-BBF09EA19F40}.Debug|x86.ActiveCfg = Debug|Win32
		{78C72F6F-F9FC-4A7C-8E3D-BBF09EA19F40}.Debug|x86.Build.0 = Debug|Win32
		{78C72F6F-F9FC-4A7C-8E3D-BBF09EA19F40}.Release|x64.ActiveCfg = Release|x64
		{78C72F6F-F9FC-4A7C-8E3D-BBF09EA19F40}.Release|x64.Build.0 = Release|x64
		{78C72F6F-F9FC-4A7C-8E3D-BBF09EA19F40}.Release|x86.ActiveCfg = Release|Win32
		{78C72F6F-F9FC-4A7C-8E3D-BBF09EA19F40}.Release|x86.Build.0 = Release|Win32
		{5C2D3246-8916-43B3-9C8D-C03FAF773909}.Debug|x64.ActiveCfg = Debug|x64
		{5C2D3246-8916-43B3-9C8D-C03FAF773909}.Debug|x64.Build.0 = Debug|x64
		{5C2D3246-8916-43B3-9C8D-C03FAF773909}.Debug|x86.ActiveCfg = Debug|Win32
		{5C2D3246-8916-43B3-9C8D-C03FAF773909}.Debug|x86.Build.0 = Debug|Win32
		{5C2D3246-8916-43B3-9C8D-C03FAF773909}.Release|x64.ActiveCfg = Release|x64
		{5C2D3246-8916-43B3-9C8D-C03FAF773909}.Release|x64.Build.0 = Release|x64
		{5C2D3246-8916-43B3-9C8D-C03FAF773909}.Release|x86.ActiveCfg = Release|Win32
		{5C2D3246-8916-43B3-9C8D-C03FAF773909}.Release|x86.Build.0 = Release|Win32
		{A41BF130-7FBF-4FF5-92BE-C24D33AC0B08}.Debug|x64.ActiveCfg = Debug|x64
		{A41BF130-7FBF-4FF5-92BE-C24D33AC0B08}.Debug|x64.Build.0 = Debug|x64
		{A41BF130-7FBF-4FF5-92BE-C24D33AC0B08}.Debug|x86.ActiveCfg = Debug|Win32
		{A41BF130-7FBF-4FF5-92BE-C24D33AC0B08}.Debug|x86.Build.0 = Debug|Win32
		{A41BF130-7FBF-4FF5-92BE-C24D33AC0B08}.Release|x64.ActiveCfg = Release|x64
		{A41BF130-7FBF-4FF5-92BE-C24D33AC0B08}.Release|x64.Build.0 = Release|x64
		{A41BF130-7FBF-4FF5-92BE-C24D33AC0B08}.Release|x86.ActiveCfg = Release|Win32
		{A41BF130-7FBF-4FF5-92BE-C24D33AC0B08}.Release|x86.Build.0 = Release|Win32
		{2020E5E1-F381-469F-9E3A-19B4449DD9BB}.Debug|x64.ActiveCfg = Debug|x64
		{2020E5E1-F381-469F-9E3A-19B4449DD9BB}.Debug|x64.Build.0 = Debug|x64
		{2020E5E1-F381-469F-9E3A-19B4449DD9BB}.Debug|x86.ActiveCfg = Debug|Win32
		{2020E5E1-F381-469F-9E3A-19B4449DD9BB}.Debug|x86.Build.0 = Debug|Win32
		{2020E5E1-F381-469F-9E3A-19B4449DD9BB}.Release|x64.ActiveCfg = Release|x64
		{2020E5E1-F381-469F-9E3A-19B4449DD9BB}.Release|x64.Build.0 = Release|x64
		{2020E5E1-F381-469F-9E3A-19B4449DD9BB}.Release|x86.ActiveCfg = Release|Win32
		{2020E5E1-F381-469F-9E3A-19B4449DD9BB}.Release|x86.Build.0 = Release|Win32
	EndGlobalSection
	GlobalSection(SolutionProperties) = preSolution
		HideSolutionNode = FALSE
	EndGlobalSection
	GlobalSection(ExtensibilityGlobals) = postSolution
		SolutionGuid = {748C7FA7-5652-459A-A1E7-8369A22A11CF}
	EndGlobalSection
EndGlobal
